# generated by rye
# use `rye lock` or `rye sync` to update this lockfile
#
# last locked with the following flags:
#   pre: false
#   features: []
#   all-features: false
#   with-sources: false
#   generate-hashes: false
#   universal: false

-e file:.
equinox==0.11.9
    # via utilpy
jax==0.4.35
    # via equinox
    # via utilpy
jaxlib==0.4.35
    # via jax
jaxtyping==0.2.36
    # via equinox
markdown-it-py==3.0.0
    # via rich
mdurl==0.1.2
    # via markdown-it-py
ml-dtypes==0.5.0
    # via jax
    # via jaxlib
multipledispatch==1.0.0
    # via utilpy
numpy==2.1.3
    # via jax
    # via jaxlib
    # via ml-dtypes
    # via scipy
opt-einsum==3.4.0
    # via jax
pygments==2.18.0
    # via rich
rich==13.9.4
    # via utilpy
scipy==1.14.1
    # via jax
    # via jaxlib
typing-extensions==4.12.2
    # via equinox
